
Microsoft Visual Studio Solution File, Format Version 12.00
# Visual Studio Version 17
VisualStudioVersion = 17.1.32328.378
MinimumVisualStudioVersion = 10.0.40219.1
Project("{9A19103F-16F7-4668-BE54-9A1E7A4F7556}") = "Avalon", "Avalon.csproj", "{A37666B5-F5BB-4667-922B-F9DD7124B8B5}"
EndProject
Global
	GlobalSection(SolutionConfigurationPlatforms) = preSolution
		Debug|Any CPU = Debug|Any CPU
		Release|Any CPU = Release|Any CPU
	EndGlobalSection
	GlobalSection(ProjectConfigurationPlatforms) = postSolution
		{A37666B5-F5BB-4667-922B-F9DD7124B8B5}.Debug|Any CPU.ActiveCfg = Debug|Any CPU
		{A37666B5-F5BB-4667-922B-F9DD7124B8B5}.Debug|Any CPU.Build.0 = Debug|Any CPU
		{A37666B5-F5BB-4667-922B-F9DD7124B8B5}.Release|Any CPU.ActiveCfg = Release|Any CPU
		{A37666B5-F5BB-4667-922B-F9DD7124B8B5}.Release|Any CPU.Build.0 = Release|Any CPU
	EndGlobalSection
	GlobalSection(SolutionProperties) = preSolution
		HideSolutionNode = FALSE
	EndGlobalSection
	GlobalSection(ExtensibilityGlobals) = postSolution
		SolutionGuid = {5257F8C7-8E50-46C9-AA1F-9D8C1066F607}
	EndGlobalSection
EndGlobal
